
Microsoft Visual Studio Solution File, Format Version 12.00
# Visual Studio Version 16
VisualStudioVersion = 16.0.29306.81
MinimumVisualStudioVersion = 10.0.40219.1
Project("{FAE04EC0-301F-11D3-BF4B-00C04F79EFBC}") = "006_Nullable_Types", "006_Nullable_Types\006_Nullable_Types.csproj", "{FE6BF305-2A69-40D5-B447-C156540D8A17}"
EndProject
Global
	GlobalSection(SolutionConfigurationPlatforms) = preSolution
		Debug|Any CPU = Debug|Any CPU
		Release|Any CPU = Release|Any CPU
	EndGlobalSection
	GlobalSection(ProjectConfigurationPlatforms) = postSolution
		{FE6BF305-2A69-40D5-B447-C156540D8A17}.Debug|Any CPU.ActiveCfg = Debug|Any CPU
		{FE6BF305-2A69-40D5-B447-C156540D8A17}.Debug|Any CPU.Build.0 = Debug|Any CPU
		{FE6BF305-2A69-40D5-B447-C156540D8A17}.Release|Any CPU.ActiveCfg = Release|Any CPU
		{FE6BF305-2A69-40D5-B447-C156540D8A17}.Release|Any CPU.Build.0 = Release|Any CPU
	EndGlobalSection
	GlobalSection(SolutionProperties) = preSolution
		HideSolutionNode = FALSE
	EndGlobalSection
	GlobalSection(ExtensibilityGlobals) = postSolution
		SolutionGuid = {44FCC32F-8048-4AFA-89F3-808B5E069272}
	EndGlobalSection
EndGlobal
