
Microsoft Visual Studio Solution File, Format Version 12.00
# Visual Studio Version 16
VisualStudioVersion = 16.0.29306.81
MinimumVisualStudioVersion = 10.0.40219.1
Project("{FAE04EC0-301F-11D3-BF4B-00C04F79EFBC}") = "B010_If_Statements", "B010_If_Statements\B010_If_Statements.csproj", "{F754B35E-0135-4FE9-BA55-4C0BB61FF719}"
EndProject
Global
	GlobalSection(SolutionConfigurationPlatforms) = preSolution
		Debug|Any CPU = Debug|Any CPU
		Release|Any CPU = Release|Any CPU
	EndGlobalSection
	GlobalSection(ProjectConfigurationPlatforms) = postSolution
		{F754B35E-0135-4FE9-BA55-4C0BB61FF719}.Debug|Any CPU.ActiveCfg = Debug|Any CPU
		{F754B35E-0135-4FE9-BA55-4C0BB61FF719}.Debug|Any CPU.Build.0 = Debug|Any CPU
		{F754B35E-0135-4FE9-BA55-4C0BB61FF719}.Release|Any CPU.ActiveCfg = Release|Any CPU
		{F754B35E-0135-4FE9-BA55-4C0BB61FF719}.Release|Any CPU.Build.0 = Release|Any CPU
	EndGlobalSection
	GlobalSection(SolutionProperties) = preSolution
		HideSolutionNode = FALSE
	EndGlobalSection
	GlobalSection(ExtensibilityGlobals) = postSolution
		SolutionGuid = {8777B63D-FCD1-4B7E-883E-53E81B3D644C}
	EndGlobalSection
EndGlobal
