
Microsoft Visual Studio Solution File, Format Version 12.00
# Visual Studio Version 16
VisualStudioVersion = 16.0.29306.81
MinimumVisualStudioVersion = 10.0.40219.1
Project("{FAE04EC0-301F-11D3-BF4B-00C04F79EFBC}") = "B008_Arrays", "B008_Arrays\B008_Arrays.csproj", "{149CEC9A-F69C-42C2-BDB4-1169977DE571}"
EndProject
Global
	GlobalSection(SolutionConfigurationPlatforms) = preSolution
		Debug|Any CPU = Debug|Any CPU
		Release|Any CPU = Release|Any CPU
	EndGlobalSection
	GlobalSection(ProjectConfigurationPlatforms) = postSolution
		{149CEC9A-F69C-42C2-BDB4-1169977DE571}.Debug|Any CPU.ActiveCfg = Debug|Any CPU
		{149CEC9A-F69C-42C2-BDB4-1169977DE571}.Debug|Any CPU.Build.0 = Debug|Any CPU
		{149CEC9A-F69C-42C2-BDB4-1169977DE571}.Release|Any CPU.ActiveCfg = Release|Any CPU
		{149CEC9A-F69C-42C2-BDB4-1169977DE571}.Release|Any CPU.Build.0 = Release|Any CPU
	EndGlobalSection
	GlobalSection(SolutionProperties) = preSolution
		HideSolutionNode = FALSE
	EndGlobalSection
	GlobalSection(ExtensibilityGlobals) = postSolution
		SolutionGuid = {95495C45-DCB2-4574-A2C7-9E46C9A1FCC7}
	EndGlobalSection
EndGlobal
