
Microsoft Visual Studio Solution File, Format Version 12.00
# Visual Studio Version 16
VisualStudioVersion = 16.0.29306.81
MinimumVisualStudioVersion = 10.0.40219.1
Project("{FAE04EC0-301F-11D3-BF4B-00C04F79EFBC}") = "B009_Comments", "B009_Comments\B009_Comments.csproj", "{EEB2465B-24A3-4D66-934D-CEBE2D76015D}"
EndProject
Global
	GlobalSection(SolutionConfigurationPlatforms) = preSolution
		Debug|Any CPU = Debug|Any CPU
		Release|Any CPU = Release|Any CPU
	EndGlobalSection
	GlobalSection(ProjectConfigurationPlatforms) = postSolution
		{EEB2465B-24A3-4D66-934D-CEBE2D76015D}.Debug|Any CPU.ActiveCfg = Debug|Any CPU
		{EEB2465B-24A3-4D66-934D-CEBE2D76015D}.Debug|Any CPU.Build.0 = Debug|Any CPU
		{EEB2465B-24A3-4D66-934D-CEBE2D76015D}.Release|Any CPU.ActiveCfg = Release|Any CPU
		{EEB2465B-24A3-4D66-934D-CEBE2D76015D}.Release|Any CPU.Build.0 = Release|Any CPU
	EndGlobalSection
	GlobalSection(SolutionProperties) = preSolution
		HideSolutionNode = FALSE
	EndGlobalSection
	GlobalSection(ExtensibilityGlobals) = postSolution
		SolutionGuid = {F0DC9ECD-40F6-4DEA-96A7-2898A5B67DA1}
	EndGlobalSection
EndGlobal
